// !$*UTF8*$!
{
	archiveVersion = 1;
	classes = {
	};
	objectVersion = 46;
	objects = {

/* Begin PBXBuildFile section */
		1C3C9DCB1ED3AB4200B8B5FA /* ios_image_load.mm in Sources */ = {isa = PBXBuildFile; fileRef = 1C3C9DC91ED3AB4200B8B5FA /* ios_image_load.mm */; };
		1C3C9DCC1ED3AB4200B8B5FA /* main.mm in Sources */ = {isa = PBXBuildFile; fileRef = 1C3C9DCA1ED3AB4200B8B5FA /* main.mm */; };
		1C968D171ED3B8F20054F5C3 /* descp_corgi.jpg in Resources */ = {isa = PBXBuildFile; fileRef = 59A3CFF51CF4E68100C4259F /* descp_corgi.jpg */; };
		1C968D181ED3B8F20054F5C3 /* dog_retrained_labels.txt in Resources */ = {isa = PBXBuildFile; fileRef = 59A3CFF71CF4E68100C4259F /* dog_retrained_labels.txt */; };
		1C968D191ED3B8F20054F5C3 /* quantized_stripped_dogs_retrained.pb in Resources */ = {isa = PBXBuildFile; fileRef = 59A3CFF91CF4E68100C4259F /* quantized_stripped_dogs_retrained.pb */; };
		1C99111C1ED3B0E600A6BFB9 /* MainStoryboard_iPhone.storyboard in Resources */ = {isa = PBXBuildFile; fileRef = 1C99111B1ED3B0E600A6BFB9 /* MainStoryboard_iPhone.storyboard */; };
		1CA5EB931ED3ABFB00247A34 /* CoreMedia.framework in Frameworks */ = {isa = PBXBuildFile; fileRef = 1CA5EB921ED3ABFB00247A34 /* CoreMedia.framework */; };
		1CB47D491ED3AD1700DF7666 /* AVFoundation.framework in Frameworks */ = {isa = PBXBuildFile; fileRef = 1CB47D481ED3AD1700DF7666 /* AVFoundation.framework */; };
		1CDB2D491ED3A9CD007929E9 /* CameraExampleAppDelegate.m in Sources */ = {isa = PBXBuildFile; fileRef = 1CDB2D431ED3A9CD007929E9 /* CameraExampleAppDelegate.m */; };
		1CDB2D4A1ED3A9CD007929E9 /* CameraExampleViewController.mm in Sources */ = {isa = PBXBuildFile; fileRef = 1CDB2D451ED3A9CD007929E9 /* CameraExampleViewController.mm */; };
		1CDB2D4C1ED3A9CD007929E9 /* tensorflow_utils.mm in Sources */ = {isa = PBXBuildFile; fileRef = 1CDB2D481ED3A9CD007929E9 /* tensorflow_utils.mm */; };
		1CDB2D4E1ED3AA35007929E9 /* Info.plist in Resources */ = {isa = PBXBuildFile; fileRef = 1CDB2D4D1ED3AA35007929E9 /* Info.plist */; };
		3547401E1964F9AECE52A9CD /* libPods-tf_camera_example.a in Frameworks */ = {isa = PBXBuildFile; fileRef = B4E9A73F0D63AB979CEDEBB0 /* libPods-tf_camera_example.a */; };
		450167F81FD730DB00E52BB5 /* PopupVCViewController.m in Sources */ = {isa = PBXBuildFile; fileRef = 450167F71FD730DB00E52BB5 /* PopupVCViewController.m */; };
		450168061FD7518200E52BB5 /* WebViewController.m in Sources */ = {isa = PBXBuildFile; fileRef = 450168051FD7518200E52BB5 /* WebViewController.m */; };
		450168091FD76ECF00E52BB5 /* GallaryCollectionViewController.m in Sources */ = {isa = PBXBuildFile; fileRef = 450168081FD76ECF00E52BB5 /* GallaryCollectionViewController.m */; };
		4501680C1FD76EF700E52BB5 /* GallaryCollectionViewCell.m in Sources */ = {isa = PBXBuildFile; fileRef = 4501680B1FD76EF700E52BB5 /* GallaryCollectionViewCell.m */; };
		450168121FD778B000E52BB5 /* dog2.jpg in Resources */ = {isa = PBXBuildFile; fileRef = 4501680D1FD778AF00E52BB5 /* dog2.jpg */; };
		450168131FD778B000E52BB5 /* dog1.jpg in Resources */ = {isa = PBXBuildFile; fileRef = 4501680E1FD778AF00E52BB5 /* dog1.jpg */; };
		450168141FD778B000E52BB5 /* dog3.jpg in Resources */ = {isa = PBXBuildFile; fileRef = 4501680F1FD778AF00E52BB5 /* dog3.jpg */; };
		450168151FD778B000E52BB5 /* dog4.jpg in Resources */ = {isa = PBXBuildFile; fileRef = 450168101FD778AF00E52BB5 /* dog4.jpg */; };
		450168161FD778B000E52BB5 /* dog5.jpg in Resources */ = {isa = PBXBuildFile; fileRef = 450168111FD778AF00E52BB5 /* dog5.jpg */; };
		45D10FA01FD7A12C00E7CC41 /* Images.xcassets in Resources */ = {isa = PBXBuildFile; fileRef = 45D10F9F1FD7A12C00E7CC41 /* Images.xcassets */; };
		45D10FA31FD7C28500E7CC41 /* Connector.m in Sources */ = {isa = PBXBuildFile; fileRef = 45D10FA21FD7C28400E7CC41 /* Connector.m */; };
/* End PBXBuildFile section */

/* Begin PBXFileReference section */
		1C0D73481ECCC41B008C1DAB /* CoreImage.framework */ = {isa = PBXFileReference; lastKnownFileType = wrapper.framework; name = CoreImage.framework; path = System/Library/Frameworks/CoreImage.framework; sourceTree = SDKROOT; };
		1C0D734A1ECCC460008C1DAB /* CoreGraphics.framework */ = {isa = PBXFileReference; lastKnownFileType = wrapper.framework; name = CoreGraphics.framework; path = System/Library/Frameworks/CoreGraphics.framework; sourceTree = SDKROOT; };
		1C3C9DC81ED3AB4200B8B5FA /* ios_image_load.h */ = {isa = PBXFileReference; fileEncoding = 4; lastKnownFileType = sourcecode.c.h; path = ios_image_load.h; sourceTree = "<group>"; };
		1C3C9DC91ED3AB4200B8B5FA /* ios_image_load.mm */ = {isa = PBXFileReference; fileEncoding = 4; lastKnownFileType = sourcecode.cpp.objcpp; path = ios_image_load.mm; sourceTree = "<group>"; };
		1C3C9DCA1ED3AB4200B8B5FA /* main.mm */ = {isa = PBXFileReference; fileEncoding = 4; lastKnownFileType = sourcecode.cpp.objcpp; path = main.mm; sourceTree = "<group>"; };
		1C564C0D1ED3A92E00087306 /* tf_camera_example.app */ = {isa = PBXFileReference; explicitFileType = wrapper.application; includeInIndex = 0; path = tf_camera_example.app; sourceTree = BUILT_PRODUCTS_DIR; };
		1C99111B1ED3B0E600A6BFB9 /* MainStoryboard_iPhone.storyboard */ = {isa = PBXFileReference; fileEncoding = 4; lastKnownFileType = file.storyboard; path = MainStoryboard_iPhone.storyboard; sourceTree = "<group>"; };
		1CA45FFE1ECCC356002FA6A4 /* UIKit.framework */ = {isa = PBXFileReference; lastKnownFileType = wrapper.framework; name = UIKit.framework; path = System/Library/Frameworks/UIKit.framework; sourceTree = SDKROOT; };
		1CA5EB921ED3ABFB00247A34 /* CoreMedia.framework */ = {isa = PBXFileReference; lastKnownFileType = wrapper.framework; name = CoreMedia.framework; path = System/Library/Frameworks/CoreMedia.framework; sourceTree = SDKROOT; };
		1CB47D481ED3AD1700DF7666 /* AVFoundation.framework */ = {isa = PBXFileReference; lastKnownFileType = wrapper.framework; name = AVFoundation.framework; path = System/Library/Frameworks/AVFoundation.framework; sourceTree = SDKROOT; };
		1CDB2D421ED3A9CD007929E9 /* CameraExampleAppDelegate.h */ = {isa = PBXFileReference; fileEncoding = 4; lastKnownFileType = sourcecode.c.h; path = CameraExampleAppDelegate.h; sourceTree = "<group>"; };
		1CDB2D431ED3A9CD007929E9 /* CameraExampleAppDelegate.m */ = {isa = PBXFileReference; fileEncoding = 4; lastKnownFileType = sourcecode.c.objc; path = CameraExampleAppDelegate.m; sourceTree = "<group>"; };
		1CDB2D441ED3A9CD007929E9 /* CameraExampleViewController.h */ = {isa = PBXFileReference; fileEncoding = 4; lastKnownFileType = sourcecode.c.h; path = CameraExampleViewController.h; sourceTree = "<group>"; };
		1CDB2D451ED3A9CD007929E9 /* CameraExampleViewController.mm */ = {isa = PBXFileReference; fileEncoding = 4; lastKnownFileType = sourcecode.cpp.objcpp; path = CameraExampleViewController.mm; sourceTree = "<group>"; };
		1CDB2D471ED3A9CD007929E9 /* tensorflow_utils.h */ = {isa = PBXFileReference; fileEncoding = 4; lastKnownFileType = sourcecode.c.h; path = tensorflow_utils.h; sourceTree = "<group>"; };
		1CDB2D481ED3A9CD007929E9 /* tensorflow_utils.mm */ = {isa = PBXFileReference; fileEncoding = 4; lastKnownFileType = sourcecode.cpp.objcpp; path = tensorflow_utils.mm; sourceTree = "<group>"; };
		1CDB2D4D1ED3AA35007929E9 /* Info.plist */ = {isa = PBXFileReference; fileEncoding = 4; lastKnownFileType = text.plist.xml; path = Info.plist; sourceTree = "<group>"; };
		450167F61FD730DB00E52BB5 /* PopupVCViewController.h */ = {isa = PBXFileReference; lastKnownFileType = sourcecode.c.h; path = PopupVCViewController.h; sourceTree = "<group>"; };
		450167F71FD730DB00E52BB5 /* PopupVCViewController.m */ = {isa = PBXFileReference; lastKnownFileType = sourcecode.c.objc; path = PopupVCViewController.m; sourceTree = "<group>"; };
		450168041FD7518200E52BB5 /* WebViewController.h */ = {isa = PBXFileReference; lastKnownFileType = sourcecode.c.h; path = WebViewController.h; sourceTree = "<group>"; };
		450168051FD7518200E52BB5 /* WebViewController.m */ = {isa = PBXFileReference; lastKnownFileType = sourcecode.c.objc; path = WebViewController.m; sourceTree = "<group>"; };
		450168071FD76ECF00E52BB5 /* GallaryCollectionViewController.h */ = {isa = PBXFileReference; lastKnownFileType = sourcecode.c.h; path = GallaryCollectionViewController.h; sourceTree = "<group>"; };
		450168081FD76ECF00E52BB5 /* GallaryCollectionViewController.m */ = {isa = PBXFileReference; lastKnownFileType = sourcecode.c.objc; path = GallaryCollectionViewController.m; sourceTree = "<group>"; };
		4501680A1FD76EF700E52BB5 /* GallaryCollectionViewCell.h */ = {isa = PBXFileReference; lastKnownFileType = sourcecode.c.h; path = GallaryCollectionViewCell.h; sourceTree = "<group>"; };
		4501680B1FD76EF700E52BB5 /* GallaryCollectionViewCell.m */ = {isa = PBXFileReference; lastKnownFileType = sourcecode.c.objc; path = GallaryCollectionViewCell.m; sourceTree = "<group>"; };
		4501680D1FD778AF00E52BB5 /* dog2.jpg */ = {isa = PBXFileReference; lastKnownFileType = image.jpeg; path = dog2.jpg; sourceTree = "<group>"; };
		4501680E1FD778AF00E52BB5 /* dog1.jpg */ = {isa = PBXFileReference; lastKnownFileType = image.jpeg; path = dog1.jpg; sourceTree = "<group>"; };
		4501680F1FD778AF00E52BB5 /* dog3.jpg */ = {isa = PBXFileReference; lastKnownFileType = image.jpeg; path = dog3.jpg; sourceTree = "<group>"; };
		450168101FD778AF00E52BB5 /* dog4.jpg */ = {isa = PBXFileReference; lastKnownFileType = image.jpeg; path = dog4.jpg; sourceTree = "<group>"; };
		450168111FD778AF00E52BB5 /* dog5.jpg */ = {isa = PBXFileReference; lastKnownFileType = image.jpeg; path = dog5.jpg; sourceTree = "<group>"; };
		45D10F9F1FD7A12C00E7CC41 /* Images.xcassets */ = {isa = PBXFileReference; lastKnownFileType = folder.assetcatalog; name = Images.xcassets; path = tf_camera_example/Images.xcassets; sourceTree = "<group>"; };
		45D10FA11FD7C28400E7CC41 /* Connector.h */ = {isa = PBXFileReference; lastKnownFileType = sourcecode.c.h; path = Connector.h; sourceTree = "<group>"; };
		45D10FA21FD7C28400E7CC41 /* Connector.m */ = {isa = PBXFileReference; lastKnownFileType = sourcecode.c.objc; path = Connector.m; sourceTree = "<group>"; };
		526D35AD6E4599C5FC67642F /* Pods-tf_camera_example.debug.xcconfig */ = {isa = PBXFileReference; includeInIndex = 1; lastKnownFileType = text.xcconfig; name = "Pods-tf_camera_example.debug.xcconfig"; path = "Pods/Target Support Files/Pods-tf_camera_example/Pods-tf_camera_example.debug.xcconfig"; sourceTree = "<group>"; };
		59A3CFF51CF4E68100C4259F /* descp_corgi.jpg */ = {isa = PBXFileReference; lastKnownFileType = image.jpeg; path = descp_corgi.jpg; sourceTree = "<group>"; };
		59A3CFF71CF4E68100C4259F /* dog_retrained_labels.txt */ = {isa = PBXFileReference; fileEncoding = 4; lastKnownFileType = text; path = dog_retrained_labels.txt; sourceTree = "<group>"; };
		59A3CFF91CF4E68100C4259F /* quantized_stripped_dogs_retrained.pb */ = {isa = PBXFileReference; lastKnownFileType = file; path = quantized_stripped_dogs_retrained.pb; sourceTree = "<group>"; };
		B4E9A73F0D63AB979CEDEBB0 /* libPods-tf_camera_example.a */ = {isa = PBXFileReference; explicitFileType = archive.ar; includeInIndex = 0; path = "libPods-tf_camera_example.a"; sourceTree = BUILT_PRODUCTS_DIR; };
		FCF7F86072D10D041CCE5A37 /* Pods-tf_camera_example.release.xcconfig */ = {isa = PBXFileReference; includeInIndex = 1; lastKnownFileType = text.xcconfig; name = "Pods-tf_camera_example.release.xcconfig"; path = "Pods/Target Support Files/Pods-tf_camera_example/Pods-tf_camera_example.release.xcconfig"; sourceTree = "<group>"; };
/* End PBXFileReference section */

/* Begin PBXFrameworksBuildPhase section */
		1C564C0A1ED3A92E00087306 /* Frameworks */ = {
			isa = PBXFrameworksBuildPhase;
			buildActionMask = 2147483647;
			files = (
				1CB47D491ED3AD1700DF7666 /* AVFoundation.framework in Frameworks */,
				1CA5EB931ED3ABFB00247A34 /* CoreMedia.framework in Frameworks */,
				3547401E1964F9AECE52A9CD /* libPods-tf_camera_example.a in Frameworks */,
			);
			runOnlyForDeploymentPostprocessing = 0;
		};
/* End PBXFrameworksBuildPhase section */

/* Begin PBXGroup section */
		24D7686C331131624F4454A0 /* Frameworks */ = {
			isa = PBXGroup;
			children = (
				1CB47D481ED3AD1700DF7666 /* AVFoundation.framework */,
				1CA5EB921ED3ABFB00247A34 /* CoreMedia.framework */,
				1C0D734A1ECCC460008C1DAB /* CoreGraphics.framework */,
				1C0D73481ECCC41B008C1DAB /* CoreImage.framework */,
				1CA45FFE1ECCC356002FA6A4 /* UIKit.framework */,
				B4E9A73F0D63AB979CEDEBB0 /* libPods-tf_camera_example.a */,
			);
			name = Frameworks;
			sourceTree = "<group>";
		};
		591157921CF4011C00C31E3A = {
			isa = PBXGroup;
			children = (
				45D10FA11FD7C28400E7CC41 /* Connector.h */,
				45D10FA21FD7C28400E7CC41 /* Connector.m */,
				45D10F9F1FD7A12C00E7CC41 /* Images.xcassets */,
				4501680A1FD76EF700E52BB5 /* GallaryCollectionViewCell.h */,
				4501680B1FD76EF700E52BB5 /* GallaryCollectionViewCell.m */,
				450168071FD76ECF00E52BB5 /* GallaryCollectionViewController.h */,
				450168081FD76ECF00E52BB5 /* GallaryCollectionViewController.m */,
				450168041FD7518200E52BB5 /* WebViewController.h */,
				450168051FD7518200E52BB5 /* WebViewController.m */,
				450167F61FD730DB00E52BB5 /* PopupVCViewController.h */,
				450167F71FD730DB00E52BB5 /* PopupVCViewController.m */,
				1C99111B1ED3B0E600A6BFB9 /* MainStoryboard_iPhone.storyboard */,
				1C3C9DC81ED3AB4200B8B5FA /* ios_image_load.h */,
				1C3C9DC91ED3AB4200B8B5FA /* ios_image_load.mm */,
				1C3C9DCA1ED3AB4200B8B5FA /* main.mm */,
				1CDB2D4D1ED3AA35007929E9 /* Info.plist */,
				1CDB2D421ED3A9CD007929E9 /* CameraExampleAppDelegate.h */,
				1CDB2D431ED3A9CD007929E9 /* CameraExampleAppDelegate.m */,
				1CDB2D441ED3A9CD007929E9 /* CameraExampleViewController.h */,
				1CDB2D451ED3A9CD007929E9 /* CameraExampleViewController.mm */,
				1CDB2D471ED3A9CD007929E9 /* tensorflow_utils.h */,
				1CDB2D481ED3A9CD007929E9 /* tensorflow_utils.mm */,
				59A3CFF31CF4E68100C4259F /* data */,
				5911579C1CF4011C00C31E3A /* Products */,
				24D7686C331131624F4454A0 /* Frameworks */,
				5E1ED3025E5DB6D184576795 /* Pods */,
			);
			sourceTree = "<group>";
		};
		5911579C1CF4011C00C31E3A /* Products */ = {
			isa = PBXGroup;
			children = (
				1C564C0D1ED3A92E00087306 /* tf_camera_example.app */,
			);
			name = Products;
			sourceTree = "<group>";
		};
		59A3CFF31CF4E68100C4259F /* data */ = {
			isa = PBXGroup;
			children = (
				4501680E1FD778AF00E52BB5 /* dog1.jpg */,
				4501680D1FD778AF00E52BB5 /* dog2.jpg */,
				4501680F1FD778AF00E52BB5 /* dog3.jpg */,
				450168101FD778AF00E52BB5 /* dog4.jpg */,
				450168111FD778AF00E52BB5 /* dog5.jpg */,
				59A3CFF51CF4E68100C4259F /* descp_corgi.jpg */,
				59A3CFF71CF4E68100C4259F /* dog_retrained_labels.txt */,
				59A3CFF91CF4E68100C4259F /* quantized_stripped_dogs_retrained.pb */,
			);
			path = data;
			sourceTree = "<group>";
		};
		5E1ED3025E5DB6D184576795 /* Pods */ = {
			isa = PBXGroup;
			children = (
				526D35AD6E4599C5FC67642F /* Pods-tf_camera_example.debug.xcconfig */,
				FCF7F86072D10D041CCE5A37 /* Pods-tf_camera_example.release.xcconfig */,
			);
			name = Pods;
			sourceTree = "<group>";
		};
/* End PBXGroup section */

/* Begin PBXNativeTarget section */
		1C564C0C1ED3A92E00087306 /* tf_camera_example */ = {
			isa = PBXNativeTarget;
			buildConfigurationList = 1C564C351ED3A92E00087306 /* Build configuration list for PBXNativeTarget "tf_camera_example" */;
			buildPhases = (
				B15686BB7E80ADE0FB82A986 /* [CP] Check Pods Manifest.lock */,
				1C564C091ED3A92E00087306 /* Sources */,
				1C564C0A1ED3A92E00087306 /* Frameworks */,
				1C564C0B1ED3A92E00087306 /* Resources */,
				E5065C61C50DCCA30068D774 /* [CP] Embed Pods Frameworks */,
				0C10A7679F39D86BEFBEDA50 /* [CP] Copy Pods Resources */,
			);
			buildRules = (
			);
			dependencies = (
			);
			name = tf_camera_example;
			productName = tf_camera_example;
			productReference = 1C564C0D1ED3A92E00087306 /* tf_camera_example.app */;
			productType = "com.apple.product-type.application";
		};
/* End PBXNativeTarget section */

/* Begin PBXProject section */
		591157931CF4011C00C31E3A /* Project object */ = {
			isa = PBXProject;
			attributes = {
				LastSwiftUpdateCheck = 0830;
				LastUpgradeCheck = 0830;
				ORGANIZATIONNAME = Google;
				TargetAttributes = {
					1C564C0C1ED3A92E00087306 = {
						CreatedOnToolsVersion = 8.3.2;
						DevelopmentTeam = F636NEM68T;
						ProvisioningStyle = Automatic;
					};
				};
			};
			buildConfigurationList = 591157961CF4011C00C31E3A /* Build configuration list for PBXProject "tf_camera_example" */;
			compatibilityVersion = "Xcode 3.2";
			developmentRegion = English;
			hasScannedForEncodings = 0;
			knownRegions = (
				en,
				Base,
			);
			mainGroup = 591157921CF4011C00C31E3A;
			productRefGroup = 5911579C1CF4011C00C31E3A /* Products */;
			projectDirPath = "";
			projectRoot = "";
			targets = (
				1C564C0C1ED3A92E00087306 /* tf_camera_example */,
			);
		};
/* End PBXProject section */

/* Begin PBXResourcesBuildPhase section */
		1C564C0B1ED3A92E00087306 /* Resources */ = {
			isa = PBXResourcesBuildPhase;
			buildActionMask = 2147483647;
			files = (
				1C968D171ED3B8F20054F5C3 /* descp_corgi.jpg in Resources */,
				450168121FD778B000E52BB5 /* dog2.jpg in Resources */,
				1C968D181ED3B8F20054F5C3 /* dog_retrained_labels.txt in Resources */,
				1C968D191ED3B8F20054F5C3 /* quantized_stripped_dogs_retrained.pb in Resources */,
				45D10FA01FD7A12C00E7CC41 /* Images.xcassets in Resources */,
				450168151FD778B000E52BB5 /* dog4.jpg in Resources */,
				450168141FD778B000E52BB5 /* dog3.jpg in Resources */,
				450168161FD778B000E52BB5 /* dog5.jpg in Resources */,
				1C99111C1ED3B0E600A6BFB9 /* MainStoryboard_iPhone.storyboard in Resources */,
				450168131FD778B000E52BB5 /* dog1.jpg in Resources */,
				1CDB2D4E1ED3AA35007929E9 /* Info.plist in Resources */,
			);
			runOnlyForDeploymentPostprocessing = 0;
		};
/* End PBXResourcesBuildPhase section */

/* Begin PBXShellScriptBuildPhase section */
		0C10A7679F39D86BEFBEDA50 /* [CP] Copy Pods Resources */ = {
			isa = PBXShellScriptBuildPhase;
			buildActionMask = 2147483647;
			files = (
			);
			inputPaths = (
			);
			name = "[CP] Copy Pods Resources";
			outputPaths = (
			);
			runOnlyForDeploymentPostprocessing = 0;
			shellPath = /bin/sh;
			shellScript = "\"${SRCROOT}/Pods/Target Support Files/Pods-tf_camera_example/Pods-tf_camera_example-resources.sh\"\n";
			showEnvVarsInLog = 0;
		};
		B15686BB7E80ADE0FB82A986 /* [CP] Check Pods Manifest.lock */ = {
			isa = PBXShellScriptBuildPhase;
			buildActionMask = 2147483647;
			files = (
			);
			inputPaths = (
				"${PODS_PODFILE_DIR_PATH}/Podfile.lock",
				"${PODS_ROOT}/Manifest.lock",
			);
			name = "[CP] Check Pods Manifest.lock";
			outputPaths = (
				"$(DERIVED_FILE_DIR)/Pods-tf_camera_example-checkManifestLockResult.txt",
			);
			runOnlyForDeploymentPostprocessing = 0;
			shellPath = /bin/sh;
			shellScript = "diff \"${PODS_PODFILE_DIR_PATH}/Podfile.lock\" \"${PODS_ROOT}/Manifest.lock\" > /dev/null\nif [ $? != 0 ] ; then\n    # print error to STDERR\n    echo \"error: The sandbox is not in sync with the Podfile.lock. Run 'pod install' or update your CocoaPods installation.\" >&2\n    exit 1\nfi\n# This output is used by Xcode 'outputs' to avoid re-running this script phase.\necho \"SUCCESS\" > \"${SCRIPT_OUTPUT_FILE_0}\"\n";
			showEnvVarsInLog = 0;
		};
		E5065C61C50DCCA30068D774 /* [CP] Embed Pods Frameworks */ = {
			isa = PBXShellScriptBuildPhase;
			buildActionMask = 2147483647;
			files = (
			);
			inputPaths = (
			);
			name = "[CP] Embed Pods Frameworks";
			outputPaths = (
			);
			runOnlyForDeploymentPostprocessing = 0;
			shellPath = /bin/sh;
			shellScript = "\"${SRCROOT}/Pods/Target Support Files/Pods-tf_camera_example/Pods-tf_camera_example-frameworks.sh\"\n";
			showEnvVarsInLog = 0;
		};
/* End PBXShellScriptBuildPhase section */

/* Begin PBXSourcesBuildPhase section */
		1C564C091ED3A92E00087306 /* Sources */ = {
			isa = PBXSourcesBuildPhase;
			buildActionMask = 2147483647;
			files = (
				1CDB2D4C1ED3A9CD007929E9 /* tensorflow_utils.mm in Sources */,
				45D10FA31FD7C28500E7CC41 /* Connector.m in Sources */,
				450168091FD76ECF00E52BB5 /* GallaryCollectionViewController.m in Sources */,
				4501680C1FD76EF700E52BB5 /* GallaryCollectionViewCell.m in Sources */,
				450168061FD7518200E52BB5 /* WebViewController.m in Sources */,
				1C3C9DCB1ED3AB4200B8B5FA /* ios_image_load.mm in Sources */,
				450167F81FD730DB00E52BB5 /* PopupVCViewController.m in Sources */,
				1CDB2D4A1ED3A9CD007929E9 /* CameraExampleViewController.mm in Sources */,
				1CDB2D491ED3A9CD007929E9 /* CameraExampleAppDelegate.m in Sources */,
				1C3C9DCC1ED3AB4200B8B5FA /* main.mm in Sources */,
			);
			runOnlyForDeploymentPostprocessing = 0;
		};
/* End PBXSourcesBuildPhase section */

/* Begin XCBuildConfiguration section */
		1C564C361ED3A92E00087306 /* Debug */ = {
			isa = XCBuildConfiguration;
			baseConfigurationReference = 526D35AD6E4599C5FC67642F /* Pods-tf_camera_example.debug.xcconfig */;
			buildSettings = {
				CLANG_ANALYZER_NONNULL = YES;
				CLANG_ANALYZER_NUMBER_OBJECT_CONVERSION = YES_AGGRESSIVE;
				CLANG_WARN_DOCUMENTATION_COMMENTS = YES;
				DEVELOPMENT_TEAM = F636NEM68T;
				INFOPLIST_FILE = Info.plist;
				IPHONEOS_DEPLOYMENT_TARGET = 10.3;
				LD_RUNPATH_SEARCH_PATHS = "$(inherited) @executable_path/Frameworks";
				PRODUCT_BUNDLE_IDENTIFIER = "com.pf.tf-camera-example-dog-breed-hyc";
				PRODUCT_NAME = "$(TARGET_NAME)";
				SWIFT_ACTIVE_COMPILATION_CONDITIONS = DEBUG;
				SWIFT_OPTIMIZATION_LEVEL = "-Onone";
				SWIFT_VERSION = 3.0;
			};
			name = Debug;
		};
		1C564C371ED3A92E00087306 /* Release */ = {
			isa = XCBuildConfiguration;
			baseConfigurationReference = FCF7F86072D10D041CCE5A37 /* Pods-tf_camera_example.release.xcconfig */;
			buildSettings = {
				CLANG_ANALYZER_NONNULL = YES;
				CLANG_ANALYZER_NUMBER_OBJECT_CONVERSION = YES_AGGRESSIVE;
				CLANG_WARN_DOCUMENTATION_COMMENTS = YES;
				DEVELOPMENT_TEAM = F636NEM68T;
				INFOPLIST_FILE = Info.plist;
				IPHONEOS_DEPLOYMENT_TARGET = 10.3;
				LD_RUNPATH_SEARCH_PATHS = "$(inherited) @executable_path/Frameworks";
				PRODUCT_BUNDLE_IDENTIFIER = "com.pf.tf-camera-example-dog-breed-hyc";
				PRODUCT_NAME = "$(TARGET_NAME)";
				SWIFT_OPTIMIZATION_LEVEL = "-Owholemodule";
				SWIFT_VERSION = 3.0;
			};
			name = Release;
		};
		591157B01CF4011D00C31E3A /* Debug */ = {
			isa = XCBuildConfiguration;
			buildSettings = {
				ALWAYS_SEARCH_USER_PATHS = NO;
				CLANG_CXX_LANGUAGE_STANDARD = "gnu++0x";
				CLANG_CXX_LIBRARY = "libc++";
				CLANG_ENABLE_MODULES = YES;
				CLANG_ENABLE_OBJC_ARC = YES;
				CLANG_WARN_BOOL_CONVERSION = YES;
				CLANG_WARN_CONSTANT_CONVERSION = YES;
				CLANG_WARN_DIRECT_OBJC_ISA_USAGE = YES_ERROR;
				CLANG_WARN_EMPTY_BODY = YES;
				CLANG_WARN_ENUM_CONVERSION = YES;
				CLANG_WARN_INFINITE_RECURSION = YES;
				CLANG_WARN_INT_CONVERSION = YES;
				CLANG_WARN_OBJC_ROOT_CLASS = YES_ERROR;
				CLANG_WARN_SUSPICIOUS_MOVE = YES;
				CLANG_WARN_UNREACHABLE_CODE = YES;
				CLANG_WARN__DUPLICATE_METHOD_MATCH = YES;
				"CODE_SIGN_IDENTITY[sdk=iphoneos*]" = "iPhone Developer";
				COPY_PHASE_STRIP = NO;
				DEBUG_INFORMATION_FORMAT = dwarf;
				ENABLE_STRICT_OBJC_MSGSEND = YES;
				ENABLE_TESTABILITY = YES;
				GCC_C_LANGUAGE_STANDARD = gnu99;
				GCC_DYNAMIC_NO_PIC = NO;
				GCC_NO_COMMON_BLOCKS = YES;
				GCC_OPTIMIZATION_LEVEL = 0;
				GCC_PREPROCESSOR_DEFINITIONS = (
					"DEBUG=1",
					"$(inherited)",
				);
				GCC_WARN_64_TO_32_BIT_CONVERSION = YES;
				GCC_WARN_ABOUT_RETURN_TYPE = YES_ERROR;
				GCC_WARN_UNDECLARED_SELECTOR = YES;
				GCC_WARN_UNINITIALIZED_AUTOS = YES_AGGRESSIVE;
				GCC_WARN_UNUSED_FUNCTION = YES;
				GCC_WARN_UNUSED_VARIABLE = YES;
				IPHONEOS_DEPLOYMENT_TARGET = 8.0;
				MTL_ENABLE_DEBUG_INFO = YES;
				ONLY_ACTIVE_ARCH = YES;
				SDKROOT = iphoneos;
				TARGETED_DEVICE_FAMILY = "1,2";
			};
			name = Debug;
		};
		591157B11CF4011D00C31E3A /* Release */ = {
			isa = XCBuildConfiguration;
			buildSettings = {
				ALWAYS_SEARCH_USER_PATHS = NO;
				CLANG_CXX_LANGUAGE_STANDARD = "gnu++0x";
				CLANG_CXX_LIBRARY = "libc++";
				CLANG_ENABLE_MODULES = YES;
				CLANG_ENABLE_OBJC_ARC = YES;
				CLANG_WARN_BOOL_CONVERSION = YES;
				CLANG_WARN_CONSTANT_CONVERSION = YES;
				CLANG_WARN_DIRECT_OBJC_ISA_USAGE = YES_ERROR;
				CLANG_WARN_EMPTY_BODY = YES;
				CLANG_WARN_ENUM_CONVERSION = YES;
				CLANG_WARN_INFINITE_RECURSION = YES;
				CLANG_WARN_INT_CONVERSION = YES;
				CLANG_WARN_OBJC_ROOT_CLASS = YES_ERROR;
				CLANG_WARN_SUSPICIOUS_MOVE = YES;
				CLANG_WARN_UNREACHABLE_CODE = YES;
				CLANG_WARN__DUPLICATE_METHOD_MATCH = YES;
				"CODE_SIGN_IDENTITY[sdk=iphoneos*]" = "iPhone Developer";
				COPY_PHASE_STRIP = NO;
				DEBUG_INFORMATION_FORMAT = "dwarf-with-dsym";
				ENABLE_NS_ASSERTIONS = NO;
				ENABLE_STRICT_OBJC_MSGSEND = YES;
				GCC_C_LANGUAGE_STANDARD = gnu99;
				GCC_NO_COMMON_BLOCKS = YES;
				GCC_WARN_64_TO_32_BIT_CONVERSION = YES;
				GCC_WARN_ABOUT_RETURN_TYPE = YES_ERROR;
				GCC_WARN_UNDECLARED_SELECTOR = YES;
				GCC_WARN_UNINITIALIZED_AUTOS = YES_AGGRESSIVE;
				GCC_WARN_UNUSED_FUNCTION = YES;
				GCC_WARN_UNUSED_VARIABLE = YES;
				IPHONEOS_DEPLOYMENT_TARGET = 8.0;
				MTL_ENABLE_DEBUG_INFO = NO;
				SDKROOT = iphoneos;
				TARGETED_DEVICE_FAMILY = "1,2";
				VALIDATE_PRODUCT = YES;
			};
			name = Release;
		};
/* End XCBuildConfiguration section */

/* Begin XCConfigurationList section */
		1C564C351ED3A92E00087306 /* Build configuration list for PBXNativeTarget "tf_camera_example" */ = {
			isa = XCConfigurationList;
			buildConfigurations = (
				1C564C361ED3A92E00087306 /* Debug */,
				1C564C371ED3A92E00087306 /* Release */,
			);
			defaultConfigurationIsVisible = 0;
			defaultConfigurationName = Release;
		};
		591157961CF4011C00C31E3A /* Build configuration list for PBXProject "tf_camera_example" */ = {
			isa = XCConfigurationList;
			buildConfigurations = (
				591157B01CF4011D00C31E3A /* Debug */,
				591157B11CF4011D00C31E3A /* Release */,
			);
			defaultConfigurationIsVisible = 0;
			defaultConfigurationName = Release;
		};
/* End XCConfigurationList section */
	};
	rootObject = 591157931CF4011C00C31E3A /* Project object */;
}
